
Microsoft Visual Studio Solution File, Format Version 12.00
# Visual Studio Version 16
VisualStudioVersion = 16.0.30717.126
MinimumVisualStudioVersion = 10.0.40219.1
Project("{FAE04EC0-301F-11D3-BF4B-00C04F79EFBC}") = "MVCManagStdnts", "MVCManagStdnts\MVCManagStdnts.csproj", "{89D19968-573C-4028-8C00-F089D2E7DFD8}"
EndProject
Global
	GlobalSection(SolutionConfigurationPlatforms) = preSolution
		Debug|Any CPU = Debug|Any CPU
		Release|Any CPU = Release|Any CPU
	EndGlobalSection
	GlobalSection(ProjectConfigurationPlatforms) = postSolution
		{89D19968-573C-4028-8C00-F089D2E7DFD8}.Debug|Any CPU.ActiveCfg = Debug|Any CPU
		{89D19968-573C-4028-8C00-F089D2E7DFD8}.Debug|Any CPU.Build.0 = Debug|Any CPU
		{89D19968-573C-4028-8C00-F089D2E7DFD8}.Release|Any CPU.ActiveCfg = Release|Any CPU
		{89D19968-573C-4028-8C00-F089D2E7DFD8}.Release|Any CPU.Build.0 = Release|Any CPU
	EndGlobalSection
	GlobalSection(SolutionProperties) = preSolution
		HideSolutionNode = FALSE
	EndGlobalSection
	GlobalSection(ExtensibilityGlobals) = postSolution
		SolutionGuid = {75ABF5D7-3D63-41CB-8B3B-35BB54149F33}
	EndGlobalSection
EndGlobal
